
Microsoft Visual Studio Solution File, Format Version 12.00
# Visual Studio 14
VisualStudioVersion = 14.0.25420.1
MinimumVisualStudioVersion = 10.0.40219.1
Project("{F2A71F9B-5D33-465A-A702-920D77279786}") = "View", "Nim\View.fsproj", "{12307EF5-4339-47EA-9757-51B8718E1CAD}"
EndProject
Project("{F2A71F9B-5D33-465A-A702-920D77279786}") = "Logic", "Logic\Logic.fsproj", "{CFC600D5-E3ED-4CF1-9DAB-66A624858CFF}"
EndProject
Project("{F2A71F9B-5D33-465A-A702-920D77279786}") = "Scripts", "Scripts\Scripts.fsproj", "{76148273-7E8F-456C-A48A-6721F4914D20}"
EndProject
Global
	GlobalSection(SolutionConfigurationPlatforms) = preSolution
		Debug|Any CPU = Debug|Any CPU
		Release|Any CPU = Release|Any CPU
	EndGlobalSection
	GlobalSection(ProjectConfigurationPlatforms) = postSolution
		{12307EF5-4339-47EA-9757-51B8718E1CAD}.Debug|Any CPU.ActiveCfg = Debug|Any CPU
		{12307EF5-4339-47EA-9757-51B8718E1CAD}.Debug|Any CPU.Build.0 = Debug|Any CPU
		{12307EF5-4339-47EA-9757-51B8718E1CAD}.Release|Any CPU.ActiveCfg = Release|Any CPU
		{12307EF5-4339-47EA-9757-51B8718E1CAD}.Release|Any CPU.Build.0 = Release|Any CPU
		{CFC600D5-E3ED-4CF1-9DAB-66A624858CFF}.Debug|Any CPU.ActiveCfg = Debug|Any CPU
		{CFC600D5-E3ED-4CF1-9DAB-66A624858CFF}.Debug|Any CPU.Build.0 = Debug|Any CPU
		{CFC600D5-E3ED-4CF1-9DAB-66A624858CFF}.Release|Any CPU.ActiveCfg = Release|Any CPU
		{CFC600D5-E3ED-4CF1-9DAB-66A624858CFF}.Release|Any CPU.Build.0 = Release|Any CPU
		{76148273-7E8F-456C-A48A-6721F4914D20}.Debug|Any CPU.ActiveCfg = Debug|Any CPU
		{76148273-7E8F-456C-A48A-6721F4914D20}.Debug|Any CPU.Build.0 = Debug|Any CPU
		{76148273-7E8F-456C-A48A-6721F4914D20}.Release|Any CPU.ActiveCfg = Release|Any CPU
		{76148273-7E8F-456C-A48A-6721F4914D20}.Release|Any CPU.Build.0 = Release|Any CPU
	EndGlobalSection
	GlobalSection(SolutionProperties) = preSolution
		HideSolutionNode = FALSE
	EndGlobalSection
EndGlobal
